
Microsoft Visual Studio Solution File, Format Version 11.00
# Visual Studio 2012
Project("{FAE04EC0-301F-11D3-BF4B-00C04F79EFBC}") = "MachineSimulator", "MachineSimulator\MachineSimulator.csproj", "{23B304FB-F7DF-45A6-B1D5-362CBA344774}"
EndProject
Global
	GlobalSection(SolutionConfigurationPlatforms) = preSolution
		Debug|Any CPU = Debug|Any CPU
		Debug|Any CPU = Debug|Any CPU
		Release|Any CPU = Release|Any CPU
		Release|Any CPU = Release|Any CPU
	EndGlobalSection
	GlobalSection(ProjectConfigurationPlatforms) = postSolution
		{23B304FB-F7DF-45A6-B1D5-362CBA344774}.Debug|Any CPU.ActiveCfg = Debug|Any CPU
		{23B304FB-F7DF-45A6-B1D5-362CBA344774}.Debug|Any CPU.Build.0 = Debug|Any CPU
		{23B304FB-F7DF-45A6-B1D5-362CBA344774}.Debug|Any CPU.ActiveCfg = Debug|Any CPU
		{23B304FB-F7DF-45A6-B1D5-362CBA344774}.Debug|Any CPU.Build.0 = Debug|Any CPU
		{23B304FB-F7DF-45A6-B1D5-362CBA344774}.Release|Any CPU.ActiveCfg = Release|Any CPU
		{23B304FB-F7DF-45A6-B1D5-362CBA344774}.Release|Any CPU.Build.0 = Release|Any CPU
		{23B304FB-F7DF-45A6-B1D5-362CBA344774}.Release|Any CPU.ActiveCfg = Release|Any CPU
		{23B304FB-F7DF-45A6-B1D5-362CBA344774}.Release|Any CPU.Build.0 = Release|Any CPU
	EndGlobalSection
	GlobalSection(SolutionProperties) = preSolution
		HideSolutionNode = FALSE
	EndGlobalSection
EndGlobal
