
Microsoft Visual Studio Solution File, Format Version 11.00
# Visual Studio 2012
Project("{F184B08F-C81C-45F6-A57F-5ABD9991F28F}") = "RobotArm", "RobotArm\RobotArm.vbproj", "{B92F6FA0-5E14-4581-B2FC-3782203A0FF8}"
EndProject
Global
	GlobalSection(SolutionConfigurationPlatforms) = preSolution
		Debug|Any CPU = Debug|Any CPU
		Release|Any CPU = Release|Any CPU
	EndGlobalSection
	GlobalSection(ProjectConfigurationPlatforms) = postSolution
		{B92F6FA0-5E14-4581-B2FC-3782203A0FF8}.Debug|Any CPU.ActiveCfg = Debug|Any CPU
		{B92F6FA0-5E14-4581-B2FC-3782203A0FF8}.Debug|Any CPU.Build.0 = Debug|Any CPU
		{B92F6FA0-5E14-4581-B2FC-3782203A0FF8}.Release|Any CPU.ActiveCfg = Release|Any CPU
		{B92F6FA0-5E14-4581-B2FC-3782203A0FF8}.Release|Any CPU.Build.0 = Release|Any CPU
	EndGlobalSection
	GlobalSection(SolutionProperties) = preSolution
		HideSolutionNode = FALSE
	EndGlobalSection
EndGlobal
