
Microsoft Visual Studio Solution File, Format Version 11.00
# Visual Studio 2012
Project("{F184B08F-C81C-45F6-A57F-5ABD9991F28F}") = "CopyAndPaste", "CopyAndPaste\CopyAndPaste.vbproj", "{0A23B913-0D31-43CC-A1C0-1EAD1C87221E}"
EndProject
Global
	GlobalSection(SolutionConfigurationPlatforms) = preSolution
		Debug|Any CPU = Debug|Any CPU
		Release|Any CPU = Release|Any CPU
	EndGlobalSection
	GlobalSection(ProjectConfigurationPlatforms) = postSolution
		{0A23B913-0D31-43CC-A1C0-1EAD1C87221E}.Debug|Any CPU.ActiveCfg = Debug|Any CPU
		{0A23B913-0D31-43CC-A1C0-1EAD1C87221E}.Debug|Any CPU.Build.0 = Debug|Any CPU
		{0A23B913-0D31-43CC-A1C0-1EAD1C87221E}.Release|Any CPU.ActiveCfg = Release|Any CPU
		{0A23B913-0D31-43CC-A1C0-1EAD1C87221E}.Release|Any CPU.Build.0 = Release|Any CPU
	EndGlobalSection
	GlobalSection(SolutionProperties) = preSolution
		HideSolutionNode = FALSE
	EndGlobalSection
EndGlobal
