
Microsoft Visual Studio Solution File, Format Version 11.00
# Visual Studio 2012
Project("{FAE04EC0-301F-11D3-BF4B-00C04F79EFBC}") = "Assembly", "Assembly\Assembly.csproj", "{B28EA128-A72A-4FAC-B0BA-DF1B0F311A5F}"
EndProject
Global
	GlobalSection(SolutionConfigurationPlatforms) = preSolution
		Debug|Any CPU = Debug|Any CPU
		Release|Any CPU = Release|Any CPU
	EndGlobalSection
	GlobalSection(ProjectConfigurationPlatforms) = postSolution
		{B28EA128-A72A-4FAC-B0BA-DF1B0F311A5F}.Debug|Any CPU.ActiveCfg = Debug|Any CPU
		{B28EA128-A72A-4FAC-B0BA-DF1B0F311A5F}.Debug|Any CPU.Build.0 = Debug|Any CPU
		{B28EA128-A72A-4FAC-B0BA-DF1B0F311A5F}.Release|Any CPU.ActiveCfg = Release|Any CPU
		{B28EA128-A72A-4FAC-B0BA-DF1B0F311A5F}.Release|Any CPU.Build.0 = Release|Any CPU
	EndGlobalSection
	GlobalSection(SolutionProperties) = preSolution
		HideSolutionNode = FALSE
	EndGlobalSection
EndGlobal
