
Microsoft Visual Studio Solution File, Format Version 12.00
# Visual Studio 15
VisualStudioVersion = 15.0.28307.168
MinimumVisualStudioVersion = 10.0.40219.1
Project("{FAE04EC0-301F-11D3-BF4B-00C04F79EFBC}") = "AssemblyDemo", "AssemblyDemo\AssemblyDemo.csproj", "{1EDDC8C2-CE2B-4141-94C1-7485548CCE85}"
EndProject
Project("{FAE04EC0-301F-11D3-BF4B-00C04F79EFBC}") = "CustomControls.Wpf", "..\..\..\dataset\CustomControls\CustomControls.Wpf.csproj", "{F5F681FD-8301-4176-8C65-DE181FBE0970}"
EndProject
Global
	GlobalSection(SolutionConfigurationPlatforms) = preSolution
		Debug|Any CPU = Debug|Any CPU
		Release|Any CPU = Release|Any CPU
	EndGlobalSection
	GlobalSection(ProjectConfigurationPlatforms) = postSolution
		{1EDDC8C2-CE2B-4141-94C1-7485548CCE85}.Debug|Any CPU.ActiveCfg = Debug|Any CPU
		{1EDDC8C2-CE2B-4141-94C1-7485548CCE85}.Debug|Any CPU.Build.0 = Debug|Any CPU
		{1EDDC8C2-CE2B-4141-94C1-7485548CCE85}.Release|Any CPU.ActiveCfg = Release|Any CPU
		{1EDDC8C2-CE2B-4141-94C1-7485548CCE85}.Release|Any CPU.Build.0 = Release|Any CPU
		{F5F681FD-8301-4176-8C65-DE181FBE0970}.Debug|Any CPU.ActiveCfg = Debug|Any CPU
		{F5F681FD-8301-4176-8C65-DE181FBE0970}.Debug|Any CPU.Build.0 = Debug|Any CPU
		{F5F681FD-8301-4176-8C65-DE181FBE0970}.Release|Any CPU.ActiveCfg = Release|Any CPU
		{F5F681FD-8301-4176-8C65-DE181FBE0970}.Release|Any CPU.Build.0 = Release|Any CPU
	EndGlobalSection
	GlobalSection(SolutionProperties) = preSolution
		HideSolutionNode = FALSE
	EndGlobalSection
	GlobalSection(ExtensibilityGlobals) = postSolution
		SolutionGuid = {997FB13D-0E17-4470-BD00-F2695750C35B}
	EndGlobalSection
EndGlobal
