
Microsoft Visual Studio Solution File, Format Version 11.00
# Visual Studio 2012
Project("{FAE04EC0-301F-11D3-BF4B-00C04F79EFBC}") = "SceneEditor", "SceneEditor\SceneEditor.csproj", "{168F26D2-0CBA-4E4E-8667-5C4ECD48C29A}"
EndProject
Global
	GlobalSection(SolutionConfigurationPlatforms) = preSolution
		Debug|Any CPU = Debug|Any CPU
		Debug|x86 = Debug|x86
		Release|Any CPU = Release|Any CPU
		Release|x86 = Release|x86
	EndGlobalSection
	GlobalSection(ProjectConfigurationPlatforms) = postSolution
		{168F26D2-0CBA-4E4E-8667-5C4ECD48C29A}.Debug|Any CPU.ActiveCfg = Debug|Any CPU
		{168F26D2-0CBA-4E4E-8667-5C4ECD48C29A}.Debug|Any CPU.Build.0 = Debug|Any CPU
		{168F26D2-0CBA-4E4E-8667-5C4ECD48C29A}.Debug|x86.ActiveCfg = Debug|Any CPU
		{168F26D2-0CBA-4E4E-8667-5C4ECD48C29A}.Release|Any CPU.ActiveCfg = Release|Any CPU
		{168F26D2-0CBA-4E4E-8667-5C4ECD48C29A}.Release|Any CPU.Build.0 = Release|Any CPU
		{168F26D2-0CBA-4E4E-8667-5C4ECD48C29A}.Release|x86.ActiveCfg = Release|Any CPU
	EndGlobalSection
	GlobalSection(SolutionProperties) = preSolution
		HideSolutionNode = FALSE
	EndGlobalSection
EndGlobal
