
Microsoft Visual Studio Solution File, Format Version 11.00
# Visual Studio 2012
Project("{FAE04EC0-301F-11D3-BF4B-00C04F79EFBC}") = "PaperSpace", "PaperSpace\PaperSpace.csproj", "{AA5C9BC6-98C7-4B77-9EB0-7048C212C8EE}"
EndProject
Project("{FAE04EC0-301F-11D3-BF4B-00C04F79EFBC}") = "CustomControls", "..\..\..\dataset\CustomControls\CustomControls.Wpf.csproj", "{F5F681FD-8301-4176-8C65-DE181FBE0970}"
EndProject
Global
	GlobalSection(SolutionConfigurationPlatforms) = preSolution
		Debug|Any CPU = Debug|Any CPU
		Release|Any CPU = Release|Any CPU
	EndGlobalSection
	GlobalSection(ProjectConfigurationPlatforms) = postSolution
		{AA5C9BC6-98C7-4B77-9EB0-7048C212C8EE}.Debug|Any CPU.ActiveCfg = Debug|Any CPU
		{AA5C9BC6-98C7-4B77-9EB0-7048C212C8EE}.Debug|Any CPU.Build.0 = Debug|Any CPU
		{AA5C9BC6-98C7-4B77-9EB0-7048C212C8EE}.Release|Any CPU.ActiveCfg = Release|Any CPU
		{AA5C9BC6-98C7-4B77-9EB0-7048C212C8EE}.Release|Any CPU.Build.0 = Release|Any CPU
		{F5F681FD-8301-4176-8C65-DE181FBE0970}.Debug|Any CPU.ActiveCfg = Debug|Any CPU
		{F5F681FD-8301-4176-8C65-DE181FBE0970}.Debug|Any CPU.Build.0 = Debug|Any CPU
		{F5F681FD-8301-4176-8C65-DE181FBE0970}.Release|Any CPU.ActiveCfg = Release|Any CPU
		{F5F681FD-8301-4176-8C65-DE181FBE0970}.Release|Any CPU.Build.0 = Release|Any CPU
	EndGlobalSection
	GlobalSection(SolutionProperties) = preSolution
		HideSolutionNode = FALSE
	EndGlobalSection
	GlobalSection(ExtensibilityGlobals) = postSolution
		SolutionGuid = {7CE4DB56-E6B8-4889-A466-A65B3CCEAA8E}
	EndGlobalSection
EndGlobal
