
Microsoft Visual Studio Solution File, Format Version 11.00
# Visual Studio 2012
Project("{FAE04EC0-301F-11D3-BF4B-00C04F79EFBC}") = "ProductConfigurator", "ProductConfigurator\ProductConfigurator.csproj", "{1A8292E2-91A9-4A76-A604-46B4159CDB22}"
EndProject
Global
	GlobalSection(SolutionConfigurationPlatforms) = preSolution
		Debug|Any CPU = Debug|Any CPU
		Release|Any CPU = Release|Any CPU
	EndGlobalSection
	GlobalSection(ProjectConfigurationPlatforms) = postSolution
		{1A8292E2-91A9-4A76-A604-46B4159CDB22}.Debug|Any CPU.ActiveCfg = Debug|Any CPU
		{1A8292E2-91A9-4A76-A604-46B4159CDB22}.Debug|Any CPU.Build.0 = Debug|Any CPU
		{1A8292E2-91A9-4A76-A604-46B4159CDB22}.Release|Any CPU.ActiveCfg = Release|Any CPU
		{1A8292E2-91A9-4A76-A604-46B4159CDB22}.Release|Any CPU.Build.0 = Release|Any CPU
	EndGlobalSection
	GlobalSection(SolutionProperties) = preSolution
		HideSolutionNode = FALSE
	EndGlobalSection
EndGlobal
